// !$*UTF8*$!
{
	archiveVersion = 1;
	classes = {
	};
	objectVersion = 55;
	objects = {

/* Begin PBXBuildFile section */
		8BCF4E9B2801900100DF46C7 /* UserProfile.swift in Sources */ = {isa = PBXBuildFile; fileRef = 8BCF4E9A2801900100DF46C7 /* UserProfile.swift */; };
		8BCF4E9D2801978A00DF46C7 /* UserQuestionList.swift in Sources */ = {isa = PBXBuildFile; fileRef = 8BCF4E9C2801978A00DF46C7 /* UserQuestionList.swift */; };
		8BCF4F1928040C2700DF46C7 /* profileObservable.swift in Sources */ = {isa = PBXBuildFile; fileRef = 8BCF4F1828040C2700DF46C7 /* profileObservable.swift */; };
		8BDA712A280089A100F34ADA /* ProfileExample.swift in Sources */ = {isa = PBXBuildFile; fileRef = 8BDA7129280089A100F34ADA /* ProfileExample.swift */; };
		B7C3689827FC3A9F0002BA0F /* CooC_AppApp.swift in Sources */ = {isa = PBXBuildFile; fileRef = B7C3689727FC3A9F0002BA0F /* CooC_AppApp.swift */; };
		B7C3689A27FC3A9F0002BA0F /* ContentView.swift in Sources */ = {isa = PBXBuildFile; fileRef = B7C3689927FC3A9F0002BA0F /* ContentView.swift */; };
		B7C3689C27FC3AA10002BA0F /* Assets.xcassets in Resources */ = {isa = PBXBuildFile; fileRef = B7C3689B27FC3AA10002BA0F /* Assets.xcassets */; };
		B7C3689F27FC3AA10002BA0F /* Preview Assets.xcassets in Resources */ = {isa = PBXBuildFile; fileRef = B7C3689E27FC3AA10002BA0F /* Preview Assets.xcassets */; };
		B7C368A927FC3AA10002BA0F /* CooC_AppTests.swift in Sources */ = {isa = PBXBuildFile; fileRef = B7C368A827FC3AA10002BA0F /* CooC_AppTests.swift */; };
		B7C368B327FC3AA10002BA0F /* CooC_AppUITests.swift in Sources */ = {isa = PBXBuildFile; fileRef = B7C368B227FC3AA10002BA0F /* CooC_AppUITests.swift */; };
		B7C368B527FC3AA10002BA0F /* CooC_AppUITestsLaunchTests.swift in Sources */ = {isa = PBXBuildFile; fileRef = B7C368B427FC3AA10002BA0F /* CooC_AppUITestsLaunchTests.swift */; };
		B7C368C327FC3AF40002BA0F /* HomeView.swift in Sources */ = {isa = PBXBuildFile; fileRef = B7C368C227FC3AF40002BA0F /* HomeView.swift */; };
		B7C368C527FC3AFD0002BA0F /* LookAroundView.swift in Sources */ = {isa = PBXBuildFile; fileRef = B7C368C427FC3AFD0002BA0F /* LookAroundView.swift */; };
		B7C368C727FC3B060002BA0F /* MyPageView.swift in Sources */ = {isa = PBXBuildFile; fileRef = B7C368C627FC3B060002BA0F /* MyPageView.swift */; };
		B7C368CD27FD72D80002BA0F /* TopicItem.swift in Sources */ = {isa = PBXBuildFile; fileRef = B7C368CC27FD72D80002BA0F /* TopicItem.swift */; };
		B7C368D027FD73580002BA0F /* ChoiceButton.swift in Sources */ = {isa = PBXBuildFile; fileRef = B7C368CF27FD73580002BA0F /* ChoiceButton.swift */; };
		B7C368D227FD75460002BA0F /* TopicListTitle.swift in Sources */ = {isa = PBXBuildFile; fileRef = B7C368D127FD75460002BA0F /* TopicListTitle.swift */; };
		B7C368D527FD79F40002BA0F /* TopicList.swift in Sources */ = {isa = PBXBuildFile; fileRef = B7C368D427FD79F40002BA0F /* TopicList.swift */; };
		B7C368D927FD7C780002BA0F /* TopicStructure.swift in Sources */ = {isa = PBXBuildFile; fileRef = B7C368D827FD7C780002BA0F /* TopicStructure.swift */; };
		B7C368DE27FD87870002BA0F /* FilterButtonList.swift in Sources */ = {isa = PBXBuildFile; fileRef = B7C368DD27FD87870002BA0F /* FilterButtonList.swift */; };
		B7C368E527FDD0950002BA0F /* CustomNavigationBar.swift in Sources */ = {isa = PBXBuildFile; fileRef = B7C368E427FDD0950002BA0F /* CustomNavigationBar.swift */; };
		B7C368E827FDD5DA0002BA0F /* SearchBar.swift in Sources */ = {isa = PBXBuildFile; fileRef = B7C368E727FDD5DA0002BA0F /* SearchBar.swift */; };
		B7C368EB27FDDDED0002BA0F /* SearchView.swift in Sources */ = {isa = PBXBuildFile; fileRef = B7C368EA27FDDDED0002BA0F /* SearchView.swift */; };
		B7C368EF27FEA9750002BA0F /* RecentSearchList.swift in Sources */ = {isa = PBXBuildFile; fileRef = B7C368EE27FEA9750002BA0F /* RecentSearchList.swift */; };
		B7C368F127FEAA170002BA0F /* RecentSearchItem.swift in Sources */ = {isa = PBXBuildFile; fileRef = B7C368F027FEAA170002BA0F /* RecentSearchItem.swift */; };
		B7C368F427FED4F10002BA0F /* SearchResultView.swift in Sources */ = {isa = PBXBuildFile; fileRef = B7C368F327FED4F10002BA0F /* SearchResultView.swift */; };
		B7C368F827FEDAF20002BA0F /* SearchTopicList.swift in Sources */ = {isa = PBXBuildFile; fileRef = B7C368F727FEDAF20002BA0F /* SearchTopicList.swift */; };
		B7C368FC27FEF59A0002BA0F /* SearchTopicItem.swift in Sources */ = {isa = PBXBuildFile; fileRef = B7C368FB27FEF59A0002BA0F /* SearchTopicItem.swift */; };
		B7C368FE27FF3DD80002BA0F /* Constants.swift in Sources */ = {isa = PBXBuildFile; fileRef = B7C368FD27FF3DD80002BA0F /* Constants.swift */; };
		E092A8242803F2E900C743CF /* TopicResultDetailPage.swift in Sources */ = {isa = PBXBuildFile; fileRef = E092A8232803F2E900C743CF /* TopicResultDetailPage.swift */; };
		E092A8262803F66D00C743CF /* detailData.swift in Sources */ = {isa = PBXBuildFile; fileRef = E092A8252803F66D00C743CF /* detailData.swift */; };
		B7C3690428029E4C0002BA0F /* SearchViewState.swift in Sources */ = {isa = PBXBuildFile; fileRef = B7C3690328029E4C0002BA0F /* SearchViewState.swift */; };
		B7C369062802A0910002BA0F /* HomeViewState.swift in Sources */ = {isa = PBXBuildFile; fileRef = B7C369052802A0910002BA0F /* HomeViewState.swift */; };
/* End PBXBuildFile section */

/* Begin PBXContainerItemProxy section */
		B7C368A527FC3AA10002BA0F /* PBXContainerItemProxy */ = {
			isa = PBXContainerItemProxy;
			containerPortal = B7C3688C27FC3A9F0002BA0F /* Project object */;
			proxyType = 1;
			remoteGlobalIDString = B7C3689327FC3A9F0002BA0F;
			remoteInfo = "CooC-App";
		};
		B7C368AF27FC3AA10002BA0F /* PBXContainerItemProxy */ = {
			isa = PBXContainerItemProxy;
			containerPortal = B7C3688C27FC3A9F0002BA0F /* Project object */;
			proxyType = 1;
			remoteGlobalIDString = B7C3689327FC3A9F0002BA0F;
			remoteInfo = "CooC-App";
		};
/* End PBXContainerItemProxy section */

/* Begin PBXFileReference section */
		8BCF4E9A2801900100DF46C7 /* UserProfile.swift */ = {isa = PBXFileReference; lastKnownFileType = sourcecode.swift; path = UserProfile.swift; sourceTree = "<group>"; };
		8BCF4E9C2801978A00DF46C7 /* UserQuestionList.swift */ = {isa = PBXFileReference; lastKnownFileType = sourcecode.swift; path = UserQuestionList.swift; sourceTree = "<group>"; };
		8BCF4F1828040C2700DF46C7 /* profileObservable.swift */ = {isa = PBXFileReference; lastKnownFileType = sourcecode.swift; path = profileObservable.swift; sourceTree = "<group>"; };
		8BDA7129280089A100F34ADA /* ProfileExample.swift */ = {isa = PBXFileReference; lastKnownFileType = sourcecode.swift; path = ProfileExample.swift; sourceTree = "<group>"; };
		B7C3689427FC3A9F0002BA0F /* CooC-App.app */ = {isa = PBXFileReference; explicitFileType = wrapper.application; includeInIndex = 0; path = "CooC-App.app"; sourceTree = BUILT_PRODUCTS_DIR; };
		B7C3689727FC3A9F0002BA0F /* CooC_AppApp.swift */ = {isa = PBXFileReference; lastKnownFileType = sourcecode.swift; path = CooC_AppApp.swift; sourceTree = "<group>"; };
		B7C3689927FC3A9F0002BA0F /* ContentView.swift */ = {isa = PBXFileReference; lastKnownFileType = sourcecode.swift; path = ContentView.swift; sourceTree = "<group>"; };
		B7C3689B27FC3AA10002BA0F /* Assets.xcassets */ = {isa = PBXFileReference; lastKnownFileType = folder.assetcatalog; path = Assets.xcassets; sourceTree = "<group>"; };
		B7C3689E27FC3AA10002BA0F /* Preview Assets.xcassets */ = {isa = PBXFileReference; lastKnownFileType = folder.assetcatalog; path = "Preview Assets.xcassets"; sourceTree = "<group>"; };
		B7C368A427FC3AA10002BA0F /* CooC-AppTests.xctest */ = {isa = PBXFileReference; explicitFileType = wrapper.cfbundle; includeInIndex = 0; path = "CooC-AppTests.xctest"; sourceTree = BUILT_PRODUCTS_DIR; };
		B7C368A827FC3AA10002BA0F /* CooC_AppTests.swift */ = {isa = PBXFileReference; lastKnownFileType = sourcecode.swift; path = CooC_AppTests.swift; sourceTree = "<group>"; };
		B7C368AE27FC3AA10002BA0F /* CooC-AppUITests.xctest */ = {isa = PBXFileReference; explicitFileType = wrapper.cfbundle; includeInIndex = 0; path = "CooC-AppUITests.xctest"; sourceTree = BUILT_PRODUCTS_DIR; };
		B7C368B227FC3AA10002BA0F /* CooC_AppUITests.swift */ = {isa = PBXFileReference; lastKnownFileType = sourcecode.swift; path = CooC_AppUITests.swift; sourceTree = "<group>"; };
		B7C368B427FC3AA10002BA0F /* CooC_AppUITestsLaunchTests.swift */ = {isa = PBXFileReference; lastKnownFileType = sourcecode.swift; path = CooC_AppUITestsLaunchTests.swift; sourceTree = "<group>"; };
		B7C368C227FC3AF40002BA0F /* HomeView.swift */ = {isa = PBXFileReference; lastKnownFileType = sourcecode.swift; path = HomeView.swift; sourceTree = "<group>"; };
		B7C368C427FC3AFD0002BA0F /* LookAroundView.swift */ = {isa = PBXFileReference; lastKnownFileType = sourcecode.swift; path = LookAroundView.swift; sourceTree = "<group>"; };
		B7C368C627FC3B060002BA0F /* MyPageView.swift */ = {isa = PBXFileReference; lastKnownFileType = sourcecode.swift; path = MyPageView.swift; sourceTree = "<group>"; };
		B7C368CC27FD72D80002BA0F /* TopicItem.swift */ = {isa = PBXFileReference; lastKnownFileType = sourcecode.swift; path = TopicItem.swift; sourceTree = "<group>"; };
		B7C368CF27FD73580002BA0F /* ChoiceButton.swift */ = {isa = PBXFileReference; lastKnownFileType = sourcecode.swift; path = ChoiceButton.swift; sourceTree = "<group>"; };
		B7C368D127FD75460002BA0F /* TopicListTitle.swift */ = {isa = PBXFileReference; lastKnownFileType = sourcecode.swift; path = TopicListTitle.swift; sourceTree = "<group>"; };
		B7C368D427FD79F40002BA0F /* TopicList.swift */ = {isa = PBXFileReference; lastKnownFileType = sourcecode.swift; path = TopicList.swift; sourceTree = "<group>"; };
		B7C368D827FD7C780002BA0F /* TopicStructure.swift */ = {isa = PBXFileReference; lastKnownFileType = sourcecode.swift; path = TopicStructure.swift; sourceTree = "<group>"; };
		B7C368DD27FD87870002BA0F /* FilterButtonList.swift */ = {isa = PBXFileReference; lastKnownFileType = sourcecode.swift; path = FilterButtonList.swift; sourceTree = "<group>"; };
		B7C368E427FDD0950002BA0F /* CustomNavigationBar.swift */ = {isa = PBXFileReference; lastKnownFileType = sourcecode.swift; path = CustomNavigationBar.swift; sourceTree = "<group>"; };
		B7C368E727FDD5DA0002BA0F /* SearchBar.swift */ = {isa = PBXFileReference; lastKnownFileType = sourcecode.swift; path = SearchBar.swift; sourceTree = "<group>"; };
		B7C368EA27FDDDED0002BA0F /* SearchView.swift */ = {isa = PBXFileReference; lastKnownFileType = sourcecode.swift; path = SearchView.swift; sourceTree = "<group>"; };
		B7C368EE27FEA9750002BA0F /* RecentSearchList.swift */ = {isa = PBXFileReference; lastKnownFileType = sourcecode.swift; path = RecentSearchList.swift; sourceTree = "<group>"; };
		B7C368F027FEAA170002BA0F /* RecentSearchItem.swift */ = {isa = PBXFileReference; lastKnownFileType = sourcecode.swift; path = RecentSearchItem.swift; sourceTree = "<group>"; };
		B7C368F327FED4F10002BA0F /* SearchResultView.swift */ = {isa = PBXFileReference; lastKnownFileType = sourcecode.swift; path = SearchResultView.swift; sourceTree = "<group>"; };
		B7C368F727FEDAF20002BA0F /* SearchTopicList.swift */ = {isa = PBXFileReference; lastKnownFileType = sourcecode.swift; path = SearchTopicList.swift; sourceTree = "<group>"; };
		B7C368FB27FEF59A0002BA0F /* SearchTopicItem.swift */ = {isa = PBXFileReference; lastKnownFileType = sourcecode.swift; path = SearchTopicItem.swift; sourceTree = "<group>"; };
		B7C368FD27FF3DD80002BA0F /* Constants.swift */ = {isa = PBXFileReference; lastKnownFileType = sourcecode.swift; path = Constants.swift; sourceTree = "<group>"; };
		E092A8232803F2E900C743CF /* TopicResultDetailPage.swift */ = {isa = PBXFileReference; lastKnownFileType = sourcecode.swift; path = TopicResultDetailPage.swift; sourceTree = "<group>"; };
		E092A8252803F66D00C743CF /* detailData.swift */ = {isa = PBXFileReference; lastKnownFileType = sourcecode.swift; path = detailData.swift; sourceTree = "<group>"; };
		B7C3690328029E4C0002BA0F /* SearchViewState.swift */ = {isa = PBXFileReference; lastKnownFileType = sourcecode.swift; path = SearchViewState.swift; sourceTree = "<group>"; };
		B7C369052802A0910002BA0F /* HomeViewState.swift */ = {isa = PBXFileReference; lastKnownFileType = sourcecode.swift; path = HomeViewState.swift; sourceTree = "<group>"; };
/* End PBXFileReference section */

/* Begin PBXFrameworksBuildPhase section */
		B7C3689127FC3A9F0002BA0F /* Frameworks */ = {
			isa = PBXFrameworksBuildPhase;
			buildActionMask = 2147483647;
			files = (
			);
			runOnlyForDeploymentPostprocessing = 0;
		};
		B7C368A127FC3AA10002BA0F /* Frameworks */ = {
			isa = PBXFrameworksBuildPhase;
			buildActionMask = 2147483647;
			files = (
			);
			runOnlyForDeploymentPostprocessing = 0;
		};
		B7C368AB27FC3AA10002BA0F /* Frameworks */ = {
			isa = PBXFrameworksBuildPhase;
			buildActionMask = 2147483647;
			files = (
			);
			runOnlyForDeploymentPostprocessing = 0;
		};
/* End PBXFrameworksBuildPhase section */

/* Begin PBXGroup section */
		8BCF4E912801830200DF46C7 /* MyPage */ = {
			isa = PBXGroup;
			children = (
				B7C368C627FC3B060002BA0F /* MyPageView.swift */,
				8BCF4E9A2801900100DF46C7 /* UserProfile.swift */,
				8BCF4E9C2801978A00DF46C7 /* UserQuestionList.swift */,
				8BCF4F1828040C2700DF46C7 /* profileObservable.swift */,
			);
			path = MyPage;
			sourceTree = "<group>";
		};
		B7C3688B27FC3A9F0002BA0F = {
			isa = PBXGroup;
			children = (
				B7C3689627FC3A9F0002BA0F /* CooC-App */,
				B7C368A727FC3AA10002BA0F /* CooC-AppTests */,
				B7C368B127FC3AA10002BA0F /* CooC-AppUITests */,
				B7C3689527FC3A9F0002BA0F /* Products */,
			);
			sourceTree = "<group>";
		};
		B7C3689527FC3A9F0002BA0F /* Products */ = {
			isa = PBXGroup;
			children = (
				B7C3689427FC3A9F0002BA0F /* CooC-App.app */,
				B7C368A427FC3AA10002BA0F /* CooC-AppTests.xctest */,
				B7C368AE27FC3AA10002BA0F /* CooC-AppUITests.xctest */,
			);
			name = Products;
			sourceTree = "<group>";
		};
		B7C3689627FC3A9F0002BA0F /* CooC-App */ = {
			isa = PBXGroup;
			children = (
				B7C368C127FC3AE80002BA0F /* Views */,
				B7C3689727FC3A9F0002BA0F /* CooC_AppApp.swift */,
				B7C3689D27FC3AA10002BA0F /* Preview Content */,
			);
			path = "CooC-App";
			sourceTree = "<group>";
		};
		B7C3689D27FC3AA10002BA0F /* Preview Content */ = {
			isa = PBXGroup;
			children = (
				B7C3689E27FC3AA10002BA0F /* Preview Assets.xcassets */,
			);
			path = "Preview Content";
			sourceTree = "<group>";
		};
		B7C368A727FC3AA10002BA0F /* CooC-AppTests */ = {
			isa = PBXGroup;
			children = (
				B7C368A827FC3AA10002BA0F /* CooC_AppTests.swift */,
			);
			path = "CooC-AppTests";
			sourceTree = "<group>";
		};
		B7C368B127FC3AA10002BA0F /* CooC-AppUITests */ = {
			isa = PBXGroup;
			children = (
				B7C368B227FC3AA10002BA0F /* CooC_AppUITests.swift */,
				B7C368B427FC3AA10002BA0F /* CooC_AppUITestsLaunchTests.swift */,
			);
			path = "CooC-AppUITests";
			sourceTree = "<group>";
		};
		B7C368C127FC3AE80002BA0F /* Views */ = {
			isa = PBXGroup;
			children = (
				B7C368CB27FD6A650002BA0F /* HomeView */,
				B7C3689927FC3A9F0002BA0F /* ContentView.swift */,
				B7C368C427FC3AFD0002BA0F /* LookAroundView.swift */,
				B7C368C627FC3B060002BA0F /* MyPageView.swift */,
				E092A8232803F2E900C743CF /* TopicResultDetailPage.swift */,
				E092A8252803F66D00C743CF /* detailData.swift */,
				8BCF4E912801830200DF46C7 /* MyPage */,
				8BDA7129280089A100F34ADA /* ProfileExample.swift */,
				B7C3689B27FC3AA10002BA0F /* Assets.xcassets */,
			);
			path = Views;
			sourceTree = "<group>";
		};
		B7C368CB27FD6A650002BA0F /* HomeView */ = {
			isa = PBXGroup;
			children = (
				B7C368C227FC3AF40002BA0F /* HomeView.swift */,
				B7C368E627FDD5C50002BA0F /* CustomNavigationBar */,
				B7C368D127FD75460002BA0F /* TopicListTitle.swift */,
				B7C368D327FD79DE0002BA0F /* TopicList */,
				B7C368E927FDDDDB0002BA0F /* SearchView */,
				B7C368F227FED4C00002BA0F /* SearchResultView */,
				B7C368FD27FF3DD80002BA0F /* Constants.swift */,
				B7C369052802A0910002BA0F /* HomeViewState.swift */,
			);
			path = HomeView;
			sourceTree = "<group>";
		};
		B7C368CE27FD733A0002BA0F /* TopicItem */ = {
			isa = PBXGroup;
			children = (
				B7C368CC27FD72D80002BA0F /* TopicItem.swift */,
				B7C368CF27FD73580002BA0F /* ChoiceButton.swift */,
			);
			path = TopicItem;
			sourceTree = "<group>";
		};
		B7C368D327FD79DE0002BA0F /* TopicList */ = {
			isa = PBXGroup;
			children = (
				B7C368D427FD79F40002BA0F /* TopicList.swift */,
				B7C368CE27FD733A0002BA0F /* TopicItem */,
				B7C368D827FD7C780002BA0F /* TopicStructure.swift */,
			);
			path = TopicList;
			sourceTree = "<group>";
		};
		B7C368E627FDD5C50002BA0F /* CustomNavigationBar */ = {
			isa = PBXGroup;
			children = (
				B7C368E427FDD0950002BA0F /* CustomNavigationBar.swift */,
				B7C368E727FDD5DA0002BA0F /* SearchBar.swift */,
				B7C368DD27FD87870002BA0F /* FilterButtonList.swift */,
			);
			path = CustomNavigationBar;
			sourceTree = "<group>";
		};
		B7C368E927FDDDDB0002BA0F /* SearchView */ = {
			isa = PBXGroup;
			children = (
				B7C368EA27FDDDED0002BA0F /* SearchView.swift */,
				B7C368EE27FEA9750002BA0F /* RecentSearchList.swift */,
				B7C368F027FEAA170002BA0F /* RecentSearchItem.swift */,
				B7C3690328029E4C0002BA0F /* SearchViewState.swift */,
			);
			path = SearchView;
			sourceTree = "<group>";
		};
		B7C368F227FED4C00002BA0F /* SearchResultView */ = {
			isa = PBXGroup;
			children = (
				B7C368F327FED4F10002BA0F /* SearchResultView.swift */,
				B7C368F727FEDAF20002BA0F /* SearchTopicList.swift */,
				B7C368FB27FEF59A0002BA0F /* SearchTopicItem.swift */,
			);
			path = SearchResultView;
			sourceTree = "<group>";
		};
/* End PBXGroup section */

/* Begin PBXNativeTarget section */
		B7C3689327FC3A9F0002BA0F /* CooC-App */ = {
			isa = PBXNativeTarget;
			buildConfigurationList = B7C368B827FC3AA10002BA0F /* Build configuration list for PBXNativeTarget "CooC-App" */;
			buildPhases = (
				B7C3689027FC3A9F0002BA0F /* Sources */,
				B7C3689127FC3A9F0002BA0F /* Frameworks */,
				B7C3689227FC3A9F0002BA0F /* Resources */,
			);
			buildRules = (
			);
			dependencies = (
			);
			name = "CooC-App";
			productName = "CooC-App";
			productReference = B7C3689427FC3A9F0002BA0F /* CooC-App.app */;
			productType = "com.apple.product-type.application";
		};
		B7C368A327FC3AA10002BA0F /* CooC-AppTests */ = {
			isa = PBXNativeTarget;
			buildConfigurationList = B7C368BB27FC3AA10002BA0F /* Build configuration list for PBXNativeTarget "CooC-AppTests" */;
			buildPhases = (
				B7C368A027FC3AA10002BA0F /* Sources */,
				B7C368A127FC3AA10002BA0F /* Frameworks */,
				B7C368A227FC3AA10002BA0F /* Resources */,
			);
			buildRules = (
			);
			dependencies = (
				B7C368A627FC3AA10002BA0F /* PBXTargetDependency */,
			);
			name = "CooC-AppTests";
			productName = "CooC-AppTests";
			productReference = B7C368A427FC3AA10002BA0F /* CooC-AppTests.xctest */;
			productType = "com.apple.product-type.bundle.unit-test";
		};
		B7C368AD27FC3AA10002BA0F /* CooC-AppUITests */ = {
			isa = PBXNativeTarget;
			buildConfigurationList = B7C368BE27FC3AA10002BA0F /* Build configuration list for PBXNativeTarget "CooC-AppUITests" */;
			buildPhases = (
				B7C368AA27FC3AA10002BA0F /* Sources */,
				B7C368AB27FC3AA10002BA0F /* Frameworks */,
				B7C368AC27FC3AA10002BA0F /* Resources */,
			);
			buildRules = (
			);
			dependencies = (
				B7C368B027FC3AA10002BA0F /* PBXTargetDependency */,
			);
			name = "CooC-AppUITests";
			productName = "CooC-AppUITests";
			productReference = B7C368AE27FC3AA10002BA0F /* CooC-AppUITests.xctest */;
			productType = "com.apple.product-type.bundle.ui-testing";
		};
/* End PBXNativeTarget section */

/* Begin PBXProject section */
		B7C3688C27FC3A9F0002BA0F /* Project object */ = {
			isa = PBXProject;
			attributes = {
				BuildIndependentTargetsInParallel = 1;
				LastSwiftUpdateCheck = 1330;
				LastUpgradeCheck = 1330;
				TargetAttributes = {
					B7C3689327FC3A9F0002BA0F = {
						CreatedOnToolsVersion = 13.3;
					};
					B7C368A327FC3AA10002BA0F = {
						CreatedOnToolsVersion = 13.3;
						TestTargetID = B7C3689327FC3A9F0002BA0F;
					};
					B7C368AD27FC3AA10002BA0F = {
						CreatedOnToolsVersion = 13.3;
						TestTargetID = B7C3689327FC3A9F0002BA0F;
					};
				};
			};
			buildConfigurationList = B7C3688F27FC3A9F0002BA0F /* Build configuration list for PBXProject "CooC-App" */;
			compatibilityVersion = "Xcode 13.0";
			developmentRegion = en;
			hasScannedForEncodings = 0;
			knownRegions = (
				en,
				Base,
			);
			mainGroup = B7C3688B27FC3A9F0002BA0F;
			productRefGroup = B7C3689527FC3A9F0002BA0F /* Products */;
			projectDirPath = "";
			projectRoot = "";
			targets = (
				B7C3689327FC3A9F0002BA0F /* CooC-App */,
				B7C368A327FC3AA10002BA0F /* CooC-AppTests */,
				B7C368AD27FC3AA10002BA0F /* CooC-AppUITests */,
			);
		};
/* End PBXProject section */

/* Begin PBXResourcesBuildPhase section */
		B7C3689227FC3A9F0002BA0F /* Resources */ = {
			isa = PBXResourcesBuildPhase;
			buildActionMask = 2147483647;
			files = (
				B7C3689F27FC3AA10002BA0F /* Preview Assets.xcassets in Resources */,
				B7C3689C27FC3AA10002BA0F /* Assets.xcassets in Resources */,
			);
			runOnlyForDeploymentPostprocessing = 0;
		};
		B7C368A227FC3AA10002BA0F /* Resources */ = {
			isa = PBXResourcesBuildPhase;
			buildActionMask = 2147483647;
			files = (
			);
			runOnlyForDeploymentPostprocessing = 0;
		};
		B7C368AC27FC3AA10002BA0F /* Resources */ = {
			isa = PBXResourcesBuildPhase;
			buildActionMask = 2147483647;
			files = (
			);
			runOnlyForDeploymentPostprocessing = 0;
		};
/* End PBXResourcesBuildPhase section */

/* Begin PBXSourcesBuildPhase section */
		B7C3689027FC3A9F0002BA0F /* Sources */ = {
			isa = PBXSourcesBuildPhase;
			buildActionMask = 2147483647;
			files = (
				8BCF4F1928040C2700DF46C7 /* profileObservable.swift in Sources */,
				B7C368C527FC3AFD0002BA0F /* LookAroundView.swift in Sources */,
				B7C3689A27FC3A9F0002BA0F /* ContentView.swift in Sources */,
				B7C368D027FD73580002BA0F /* ChoiceButton.swift in Sources */,
				B7C368CD27FD72D80002BA0F /* TopicItem.swift in Sources */,
				8BDA712A280089A100F34ADA /* ProfileExample.swift in Sources */,
				B7C368D227FD75460002BA0F /* TopicListTitle.swift in Sources */,
				B7C369062802A0910002BA0F /* HomeViewState.swift in Sources */,
				B7C368E527FDD0950002BA0F /* CustomNavigationBar.swift in Sources */,
				B7C368D527FD79F40002BA0F /* TopicList.swift in Sources */,
				B7C368F127FEAA170002BA0F /* RecentSearchItem.swift in Sources */,
				E092A8262803F66D00C743CF /* detailData.swift in Sources */,
				B7C368E827FDD5DA0002BA0F /* SearchBar.swift in Sources */,
				B7C368FC27FEF59A0002BA0F /* SearchTopicItem.swift in Sources */,
				B7C368C727FC3B060002BA0F /* MyPageView.swift in Sources */,
				8BCF4E9B2801900100DF46C7 /* UserProfile.swift in Sources */,
				B7C368D927FD7C780002BA0F /* TopicStructure.swift in Sources */,
				B7C368F827FEDAF20002BA0F /* SearchTopicList.swift in Sources */,
				B7C368EB27FDDDED0002BA0F /* SearchView.swift in Sources */,
				8BCF4E9D2801978A00DF46C7 /* UserQuestionList.swift in Sources */,
				B7C3690428029E4C0002BA0F /* SearchViewState.swift in Sources */,
				B7C368F427FED4F10002BA0F /* SearchResultView.swift in Sources */,
				B7C368FE27FF3DD80002BA0F /* Constants.swift in Sources */,
				B7C368C327FC3AF40002BA0F /* HomeView.swift in Sources */,
				B7C3689827FC3A9F0002BA0F /* CooC_AppApp.swift in Sources */,
				B7C368EF27FEA9750002BA0F /* RecentSearchList.swift in Sources */,
				E092A8242803F2E900C743CF /* TopicResultDetailPage.swift in Sources */,
				B7C368DE27FD87870002BA0F /* FilterButtonList.swift in Sources */,
			);
			runOnlyForDeploymentPostprocessing = 0;
		};
		B7C368A027FC3AA10002BA0F /* Sources */ = {
			isa = PBXSourcesBuildPhase;
			buildActionMask = 2147483647;
			files = (
				B7C368A927FC3AA10002BA0F /* CooC_AppTests.swift in Sources */,
			);
			runOnlyForDeploymentPostprocessing = 0;
		};
		B7C368AA27FC3AA10002BA0F /* Sources */ = {
			isa = PBXSourcesBuildPhase;
			buildActionMask = 2147483647;
			files = (
				B7C368B527FC3AA10002BA0F /* CooC_AppUITestsLaunchTests.swift in Sources */,
				B7C368B327FC3AA10002BA0F /* CooC_AppUITests.swift in Sources */,
			);
			runOnlyForDeploymentPostprocessing = 0;
		};
/* End PBXSourcesBuildPhase section */

/* Begin PBXTargetDependency section */
		B7C368A627FC3AA10002BA0F /* PBXTargetDependency */ = {
			isa = PBXTargetDependency;
			target = B7C3689327FC3A9F0002BA0F /* CooC-App */;
			targetProxy = B7C368A527FC3AA10002BA0F /* PBXContainerItemProxy */;
		};
		B7C368B027FC3AA10002BA0F /* PBXTargetDependency */ = {
			isa = PBXTargetDependency;
			target = B7C3689327FC3A9F0002BA0F /* CooC-App */;
			targetProxy = B7C368AF27FC3AA10002BA0F /* PBXContainerItemProxy */;
		};
/* End PBXTargetDependency section */

/* Begin XCBuildConfiguration section */
		B7C368B627FC3AA10002BA0F /* Debug */ = {
			isa = XCBuildConfiguration;
			buildSettings = {
				ALWAYS_SEARCH_USER_PATHS = NO;
				CLANG_ANALYZER_NONNULL = YES;
				CLANG_ANALYZER_NUMBER_OBJECT_CONVERSION = YES_AGGRESSIVE;
				CLANG_CXX_LANGUAGE_STANDARD = "gnu++17";
				CLANG_ENABLE_MODULES = YES;
				CLANG_ENABLE_OBJC_ARC = YES;
				CLANG_ENABLE_OBJC_WEAK = YES;
				CLANG_WARN_BLOCK_CAPTURE_AUTORELEASING = YES;
				CLANG_WARN_BOOL_CONVERSION = YES;
				CLANG_WARN_COMMA = YES;
				CLANG_WARN_CONSTANT_CONVERSION = YES;
				CLANG_WARN_DEPRECATED_OBJC_IMPLEMENTATIONS = YES;
				CLANG_WARN_DIRECT_OBJC_ISA_USAGE = YES_ERROR;
				CLANG_WARN_DOCUMENTATION_COMMENTS = YES;
				CLANG_WARN_EMPTY_BODY = YES;
				CLANG_WARN_ENUM_CONVERSION = YES;
				CLANG_WARN_INFINITE_RECURSION = YES;
				CLANG_WARN_INT_CONVERSION = YES;
				CLANG_WARN_NON_LITERAL_NULL_CONVERSION = YES;
				CLANG_WARN_OBJC_IMPLICIT_RETAIN_SELF = YES;
				CLANG_WARN_OBJC_LITERAL_CONVERSION = YES;
				CLANG_WARN_OBJC_ROOT_CLASS = YES_ERROR;
				CLANG_WARN_QUOTED_INCLUDE_IN_FRAMEWORK_HEADER = YES;
				CLANG_WARN_RANGE_LOOP_ANALYSIS = YES;
				CLANG_WARN_STRICT_PROTOTYPES = YES;
				CLANG_WARN_SUSPICIOUS_MOVE = YES;
				CLANG_WARN_UNGUARDED_AVAILABILITY = YES_AGGRESSIVE;
				CLANG_WARN_UNREACHABLE_CODE = YES;
				CLANG_WARN__DUPLICATE_METHOD_MATCH = YES;
				COPY_PHASE_STRIP = NO;
				DEBUG_INFORMATION_FORMAT = dwarf;
				ENABLE_STRICT_OBJC_MSGSEND = YES;
				ENABLE_TESTABILITY = YES;
				GCC_C_LANGUAGE_STANDARD = gnu11;
				GCC_DYNAMIC_NO_PIC = NO;
				GCC_NO_COMMON_BLOCKS = YES;
				GCC_OPTIMIZATION_LEVEL = 0;
				GCC_PREPROCESSOR_DEFINITIONS = (
					"DEBUG=1",
					"$(inherited)",
				);
				GCC_WARN_64_TO_32_BIT_CONVERSION = YES;
				GCC_WARN_ABOUT_RETURN_TYPE = YES_ERROR;
				GCC_WARN_UNDECLARED_SELECTOR = YES;
				GCC_WARN_UNINITIALIZED_AUTOS = YES_AGGRESSIVE;
				GCC_WARN_UNUSED_FUNCTION = YES;
				GCC_WARN_UNUSED_VARIABLE = YES;
				IPHONEOS_DEPLOYMENT_TARGET = 15.4;
				MTL_ENABLE_DEBUG_INFO = INCLUDE_SOURCE;
				MTL_FAST_MATH = YES;
				ONLY_ACTIVE_ARCH = YES;
				SDKROOT = iphoneos;
				SWIFT_ACTIVE_COMPILATION_CONDITIONS = DEBUG;
				SWIFT_OPTIMIZATION_LEVEL = "-Onone";
			};
			name = Debug;
		};
		B7C368B727FC3AA10002BA0F /* Release */ = {
			isa = XCBuildConfiguration;
			buildSettings = {
				ALWAYS_SEARCH_USER_PATHS = NO;
				CLANG_ANALYZER_NONNULL = YES;
				CLANG_ANALYZER_NUMBER_OBJECT_CONVERSION = YES_AGGRESSIVE;
				CLANG_CXX_LANGUAGE_STANDARD = "gnu++17";
				CLANG_ENABLE_MODULES = YES;
				CLANG_ENABLE_OBJC_ARC = YES;
				CLANG_ENABLE_OBJC_WEAK = YES;
				CLANG_WARN_BLOCK_CAPTURE_AUTORELEASING = YES;
				CLANG_WARN_BOOL_CONVERSION = YES;
				CLANG_WARN_COMMA = YES;
				CLANG_WARN_CONSTANT_CONVERSION = YES;
				CLANG_WARN_DEPRECATED_OBJC_IMPLEMENTATIONS = YES;
				CLANG_WARN_DIRECT_OBJC_ISA_USAGE = YES_ERROR;
				CLANG_WARN_DOCUMENTATION_COMMENTS = YES;
				CLANG_WARN_EMPTY_BODY = YES;
				CLANG_WARN_ENUM_CONVERSION = YES;
				CLANG_WARN_INFINITE_RECURSION = YES;
				CLANG_WARN_INT_CONVERSION = YES;
				CLANG_WARN_NON_LITERAL_NULL_CONVERSION = YES;
				CLANG_WARN_OBJC_IMPLICIT_RETAIN_SELF = YES;
				CLANG_WARN_OBJC_LITERAL_CONVERSION = YES;
				CLANG_WARN_OBJC_ROOT_CLASS = YES_ERROR;
				CLANG_WARN_QUOTED_INCLUDE_IN_FRAMEWORK_HEADER = YES;
				CLANG_WARN_RANGE_LOOP_ANALYSIS = YES;
				CLANG_WARN_STRICT_PROTOTYPES = YES;
				CLANG_WARN_SUSPICIOUS_MOVE = YES;
				CLANG_WARN_UNGUARDED_AVAILABILITY = YES_AGGRESSIVE;
				CLANG_WARN_UNREACHABLE_CODE = YES;
				CLANG_WARN__DUPLICATE_METHOD_MATCH = YES;
				COPY_PHASE_STRIP = NO;
				DEBUG_INFORMATION_FORMAT = "dwarf-with-dsym";
				ENABLE_NS_ASSERTIONS = NO;
				ENABLE_STRICT_OBJC_MSGSEND = YES;
				GCC_C_LANGUAGE_STANDARD = gnu11;
				GCC_NO_COMMON_BLOCKS = YES;
				GCC_WARN_64_TO_32_BIT_CONVERSION = YES;
				GCC_WARN_ABOUT_RETURN_TYPE = YES_ERROR;
				GCC_WARN_UNDECLARED_SELECTOR = YES;
				GCC_WARN_UNINITIALIZED_AUTOS = YES_AGGRESSIVE;
				GCC_WARN_UNUSED_FUNCTION = YES;
				GCC_WARN_UNUSED_VARIABLE = YES;
				IPHONEOS_DEPLOYMENT_TARGET = 15.4;
				MTL_ENABLE_DEBUG_INFO = NO;
				MTL_FAST_MATH = YES;
				SDKROOT = iphoneos;
				SWIFT_COMPILATION_MODE = wholemodule;
				SWIFT_OPTIMIZATION_LEVEL = "-O";
				VALIDATE_PRODUCT = YES;
			};
			name = Release;
		};
		B7C368B927FC3AA10002BA0F /* Debug */ = {
			isa = XCBuildConfiguration;
			buildSettings = {
				ASSETCATALOG_COMPILER_APPICON_NAME = AppIcon;
				ASSETCATALOG_COMPILER_GLOBAL_ACCENT_COLOR_NAME = AccentColor;
				CODE_SIGN_STYLE = Automatic;
				CURRENT_PROJECT_VERSION = 1;
				DEVELOPMENT_ASSET_PATHS = "\"CooC-App/Preview Content\"";
				DEVELOPMENT_TEAM = "";
				ENABLE_PREVIEWS = YES;
				GENERATE_INFOPLIST_FILE = YES;
				INFOPLIST_KEY_UIApplicationSceneManifest_Generation = YES;
				INFOPLIST_KEY_UIApplicationSupportsIndirectInputEvents = YES;
				INFOPLIST_KEY_UILaunchScreen_Generation = YES;
				INFOPLIST_KEY_UISupportedInterfaceOrientations_iPad = "UIInterfaceOrientationPortrait UIInterfaceOrientationPortraitUpsideDown UIInterfaceOrientationLandscapeLeft UIInterfaceOrientationLandscapeRight";
				INFOPLIST_KEY_UISupportedInterfaceOrientations_iPhone = "UIInterfaceOrientationPortrait UIInterfaceOrientationLandscapeLeft UIInterfaceOrientationLandscapeRight";
				LD_RUNPATH_SEARCH_PATHS = (
					"$(inherited)",
					"@executable_path/Frameworks",
				);
				MARKETING_VERSION = 1.0;
				PRODUCT_BUNDLE_IDENTIFIER = "com.cooc.app.CooC-App";
				PRODUCT_NAME = "$(TARGET_NAME)";
				SWIFT_EMIT_LOC_STRINGS = YES;
				SWIFT_VERSION = 5.0;
				TARGETED_DEVICE_FAMILY = "1,2";
			};
			name = Debug;
		};
		B7C368BA27FC3AA10002BA0F /* Release */ = {
			isa = XCBuildConfiguration;
			buildSettings = {
				ASSETCATALOG_COMPILER_APPICON_NAME = AppIcon;
				ASSETCATALOG_COMPILER_GLOBAL_ACCENT_COLOR_NAME = AccentColor;
				CODE_SIGN_STYLE = Automatic;
				CURRENT_PROJECT_VERSION = 1;
				DEVELOPMENT_ASSET_PATHS = "\"CooC-App/Preview Content\"";
				DEVELOPMENT_TEAM = "";
				ENABLE_PREVIEWS = YES;
				GENERATE_INFOPLIST_FILE = YES;
				INFOPLIST_KEY_UIApplicationSceneManifest_Generation = YES;
				INFOPLIST_KEY_UIApplicationSupportsIndirectInputEvents = YES;
				INFOPLIST_KEY_UILaunchScreen_Generation = YES;
				INFOPLIST_KEY_UISupportedInterfaceOrientations_iPad = "UIInterfaceOrientationPortrait UIInterfaceOrientationPortraitUpsideDown UIInterfaceOrientationLandscapeLeft UIInterfaceOrientationLandscapeRight";
				INFOPLIST_KEY_UISupportedInterfaceOrientations_iPhone = "UIInterfaceOrientationPortrait UIInterfaceOrientationLandscapeLeft UIInterfaceOrientationLandscapeRight";
				LD_RUNPATH_SEARCH_PATHS = (
					"$(inherited)",
					"@executable_path/Frameworks",
				);
				MARKETING_VERSION = 1.0;
				PRODUCT_BUNDLE_IDENTIFIER = "com.cooc.app.CooC-App";
				PRODUCT_NAME = "$(TARGET_NAME)";
				SWIFT_EMIT_LOC_STRINGS = YES;
				SWIFT_VERSION = 5.0;
				TARGETED_DEVICE_FAMILY = "1,2";
			};
			name = Release;
		};
		B7C368BC27FC3AA10002BA0F /* Debug */ = {
			isa = XCBuildConfiguration;
			buildSettings = {
				ALWAYS_EMBED_SWIFT_STANDARD_LIBRARIES = YES;
				BUNDLE_LOADER = "$(TEST_HOST)";
				CODE_SIGN_STYLE = Automatic;
				CURRENT_PROJECT_VERSION = 1;
				GENERATE_INFOPLIST_FILE = YES;
				IPHONEOS_DEPLOYMENT_TARGET = 15.4;
				MARKETING_VERSION = 1.0;
				PRODUCT_BUNDLE_IDENTIFIER = "com.cooc.app.CooC-AppTests";
				PRODUCT_NAME = "$(TARGET_NAME)";
				SWIFT_EMIT_LOC_STRINGS = NO;
				SWIFT_VERSION = 5.0;
				TARGETED_DEVICE_FAMILY = "1,2";
				TEST_HOST = "$(BUILT_PRODUCTS_DIR)/CooC-App.app/CooC-App";
			};
			name = Debug;
		};
		B7C368BD27FC3AA10002BA0F /* Release */ = {
			isa = XCBuildConfiguration;
			buildSettings = {
				ALWAYS_EMBED_SWIFT_STANDARD_LIBRARIES = YES;
				BUNDLE_LOADER = "$(TEST_HOST)";
				CODE_SIGN_STYLE = Automatic;
				CURRENT_PROJECT_VERSION = 1;
				GENERATE_INFOPLIST_FILE = YES;
				IPHONEOS_DEPLOYMENT_TARGET = 15.4;
				MARKETING_VERSION = 1.0;
				PRODUCT_BUNDLE_IDENTIFIER = "com.cooc.app.CooC-AppTests";
				PRODUCT_NAME = "$(TARGET_NAME)";
				SWIFT_EMIT_LOC_STRINGS = NO;
				SWIFT_VERSION = 5.0;
				TARGETED_DEVICE_FAMILY = "1,2";
				TEST_HOST = "$(BUILT_PRODUCTS_DIR)/CooC-App.app/CooC-App";
			};
			name = Release;
		};
		B7C368BF27FC3AA10002BA0F /* Debug */ = {
			isa = XCBuildConfiguration;
			buildSettings = {
				ALWAYS_EMBED_SWIFT_STANDARD_LIBRARIES = YES;
				CODE_SIGN_STYLE = Automatic;
				CURRENT_PROJECT_VERSION = 1;
				GENERATE_INFOPLIST_FILE = YES;
				MARKETING_VERSION = 1.0;
				PRODUCT_BUNDLE_IDENTIFIER = "com.cooc.app.CooC-AppUITests";
				PRODUCT_NAME = "$(TARGET_NAME)";
				SWIFT_EMIT_LOC_STRINGS = NO;
				SWIFT_VERSION = 5.0;
				TARGETED_DEVICE_FAMILY = "1,2";
				TEST_TARGET_NAME = "CooC-App";
			};
			name = Debug;
		};
		B7C368C027FC3AA10002BA0F /* Release */ = {
			isa = XCBuildConfiguration;
			buildSettings = {
				ALWAYS_EMBED_SWIFT_STANDARD_LIBRARIES = YES;
				CODE_SIGN_STYLE = Automatic;
				CURRENT_PROJECT_VERSION = 1;
				GENERATE_INFOPLIST_FILE = YES;
				MARKETING_VERSION = 1.0;
				PRODUCT_BUNDLE_IDENTIFIER = "com.cooc.app.CooC-AppUITests";
				PRODUCT_NAME = "$(TARGET_NAME)";
				SWIFT_EMIT_LOC_STRINGS = NO;
				SWIFT_VERSION = 5.0;
				TARGETED_DEVICE_FAMILY = "1,2";
				TEST_TARGET_NAME = "CooC-App";
			};
			name = Release;
		};
/* End XCBuildConfiguration section */

/* Begin XCConfigurationList section */
		B7C3688F27FC3A9F0002BA0F /* Build configuration list for PBXProject "CooC-App" */ = {
			isa = XCConfigurationList;
			buildConfigurations = (
				B7C368B627FC3AA10002BA0F /* Debug */,
				B7C368B727FC3AA10002BA0F /* Release */,
			);
			defaultConfigurationIsVisible = 0;
			defaultConfigurationName = Release;
		};
		B7C368B827FC3AA10002BA0F /* Build configuration list for PBXNativeTarget "CooC-App" */ = {
			isa = XCConfigurationList;
			buildConfigurations = (
				B7C368B927FC3AA10002BA0F /* Debug */,
				B7C368BA27FC3AA10002BA0F /* Release */,
			);
			defaultConfigurationIsVisible = 0;
			defaultConfigurationName = Release;
		};
		B7C368BB27FC3AA10002BA0F /* Build configuration list for PBXNativeTarget "CooC-AppTests" */ = {
			isa = XCConfigurationList;
			buildConfigurations = (
				B7C368BC27FC3AA10002BA0F /* Debug */,
				B7C368BD27FC3AA10002BA0F /* Release */,
			);
			defaultConfigurationIsVisible = 0;
			defaultConfigurationName = Release;
		};
		B7C368BE27FC3AA10002BA0F /* Build configuration list for PBXNativeTarget "CooC-AppUITests" */ = {
			isa = XCConfigurationList;
			buildConfigurations = (
				B7C368BF27FC3AA10002BA0F /* Debug */,
				B7C368C027FC3AA10002BA0F /* Release */,
			);
			defaultConfigurationIsVisible = 0;
			defaultConfigurationName = Release;
		};
/* End XCConfigurationList section */
	};
	rootObject = B7C3688C27FC3A9F0002BA0F /* Project object */;
}
